
Microsoft Visual Studio Solution File, Format Version 12.00
# Visual Studio Version 17
VisualStudioVersion = 17.12.35707.178
MinimumVisualStudioVersion = 10.0.40219.1
Project("{FAE04EC0-301F-11D3-BF4B-00C04F79EFBC}") = "WebApplication1", "test\WebApplication1.csproj", "{3327AFD5-D873-4265-8816-1A323F331567}"
EndProject
Project("{E53339B2-1760-4266-BCC7-CA923CBCF16C}") = "docker-compose", "docker-compose.dcproj", "{355A87D9-E596-442A-8CD4-2E362B17D4F8}"
EndProject
Global
	GlobalSection(SolutionConfigurationPlatforms) = preSolution
		Debug|Any CPU = Debug|Any CPU
		Release|Any CPU = Release|Any CPU
	EndGlobalSection
	GlobalSection(ProjectConfigurationPlatforms) = postSolution
		{3327AFD5-D873-4265-8816-1A323F331567}.Debug|Any CPU.ActiveCfg = Debug|Any CPU
		{3327AFD5-D873-4265-8816-1A323F331567}.Debug|Any CPU.Build.0 = Debug|Any CPU
		{3327AFD5-D873-4265-8816-1A323F331567}.Release|Any CPU.ActiveCfg = Release|Any CPU
		{3327AFD5-D873-4265-8816-1A323F331567}.Release|Any CPU.Build.0 = Release|Any CPU
		{355A87D9-E596-442A-8CD4-2E362B17D4F8}.Debug|Any CPU.ActiveCfg = Debug|Any CPU
		{355A87D9-E596-442A-8CD4-2E362B17D4F8}.Debug|Any CPU.Build.0 = Debug|Any CPU
		{355A87D9-E596-442A-8CD4-2E362B17D4F8}.Release|Any CPU.ActiveCfg = Release|Any CPU
		{355A87D9-E596-442A-8CD4-2E362B17D4F8}.Release|Any CPU.Build.0 = Release|Any CPU
	EndGlobalSection
	GlobalSection(SolutionProperties) = preSolution
		HideSolutionNode = FALSE
	EndGlobalSection
EndGlobal
